
Microsoft Visual Studio Solution File, Format Version 12.00
# Visual Studio Version 16
VisualStudioVersion = 16.0.29025.244
MinimumVisualStudioVersion = 10.0.40219.1
Project("{8BC9CEB8-8B4A-11D0-8D11-00A0C91BC942}") = "weaver", "weaver.vcxproj", "{03FC6EF2-BBA6-4B68-BF68-A6D3B55DF61B}"
EndProject
Global
	GlobalSection(SolutionConfigurationPlatforms) = preSolution
		Debug|x64 = Debug|x64
		Debug|x86 = Debug|x86
		Release|x64 = Release|x64
		Release|x86 = Release|x86
	EndGlobalSection
	GlobalSection(ProjectConfigurationPlatforms) = postSolution
		{03FC6EF2-BBA6-4B68-BF68-A6D3B55DF61B}.Debug|x64.ActiveCfg = Debug|x64
		{03FC6EF2-BBA6-4B68-BF68-A6D3B55DF61B}.Debug|x64.Build.0 = Debug|x64
		{03FC6EF2-BBA6-4B68-BF68-A6D3B55DF61B}.Debug|x86.ActiveCfg = Debug|Win32
		{03FC6EF2-BBA6-4B68-BF68-A6D3B55DF61B}.Debug|x86.Build.0 = Debug|Win32
		{03FC6EF2-BBA6-4B68-BF68-A6D3B55DF61B}.Release|x64.ActiveCfg = Release|x64
		{03FC6EF2-BBA6-4B68-BF68-A6D3B55DF61B}.Release|x64.Build.0 = Release|x64
		{03FC6EF2-BBA6-4B68-BF68-A6D3B55DF61B}.Release|x86.ActiveCfg = Release|Win32
		{03FC6EF2-BBA6-4B68-BF68-A6D3B55DF61B}.Release|x86.Build.0 = Release|Win32
	EndGlobalSection
	GlobalSection(SolutionProperties) = preSolution
		HideSolutionNode = FALSE
	EndGlobalSection
	GlobalSection(ExtensibilityGlobals) = postSolution
		SolutionGuid = {B73A8020-5F81-4892-B35F-642675A00D41}
	EndGlobalSection
EndGlobal
